
Microsoft Visual Studio Solution File, Format Version 12.00
# Visual Studio Version 17
VisualStudioVersion = 17.5.002.0
MinimumVisualStudioVersion = 10.0.40219.1
Project("{9A19103F-16F7-4668-BE54-9A1E7A4F7556}") = "hc-requires-opt-in", "hc-requires-opt-in.csproj", "{8FA2A22B-A0B6-4112-B084-B0673A30AAA2}"
EndProject
Global
	GlobalSection(SolutionConfigurationPlatforms) = preSolution
		Debug|Any CPU = Debug|Any CPU
		Release|Any CPU = Release|Any CPU
	EndGlobalSection
	GlobalSection(ProjectConfigurationPlatforms) = postSolution
		{8FA2A22B-A0B6-4112-B084-B0673A30AAA2}.Debug|Any CPU.ActiveCfg = Debug|Any CPU
		{8FA2A22B-A0B6-4112-B084-B0673A30AAA2}.Debug|Any CPU.Build.0 = Debug|Any CPU
		{8FA2A22B-A0B6-4112-B084-B0673A30AAA2}.Release|Any CPU.ActiveCfg = Release|Any CPU
		{8FA2A22B-A0B6-4112-B084-B0673A30AAA2}.Release|Any CPU.Build.0 = Release|Any CPU
	EndGlobalSection
	GlobalSection(SolutionProperties) = preSolution
		HideSolutionNode = FALSE
	EndGlobalSection
	GlobalSection(ExtensibilityGlobals) = postSolution
		SolutionGuid = {1AD239EE-83CB-4426-80E5-1F4B9228D23E}
	EndGlobalSection
EndGlobal
